
Microsoft Visual Studio Solution File, Format Version 12.00
# Visual Studio 15
VisualStudioVersion = 15.0.26124.0
MinimumVisualStudioVersion = 15.0.26124.0
Project("{FAE04EC0-301F-11D3-BF4B-00C04F79EFBC}") = "Almostengr.AlmostengrWebsite.Common", "Almostengr.AlmostengrWebsite.Common\Almostengr.AlmostengrWebsite.Common.csproj", "{F1A3A9BB-AC7F-4680-AC45-8305CCBCC476}"
EndProject
Project("{FAE04EC0-301F-11D3-BF4B-00C04F79EFBC}") = "Almostengr.AlmostengrWebsite.GardenWeather", "Almostengr.AlmostengrWebsite.GardenWeather\Almostengr.AlmostengrWebsite.GardenWeather.csproj", "{7F4D06A5-16E3-4B09-8C6A-4F44F90C665A}"
EndProject
Global
	GlobalSection(SolutionConfigurationPlatforms) = preSolution
		Debug|Any CPU = Debug|Any CPU
		Debug|x64 = Debug|x64
		Debug|x86 = Debug|x86
		Release|Any CPU = Release|Any CPU
		Release|x64 = Release|x64
		Release|x86 = Release|x86
	EndGlobalSection
	GlobalSection(SolutionProperties) = preSolution
		HideSolutionNode = FALSE
	EndGlobalSection
	GlobalSection(ProjectConfigurationPlatforms) = postSolution
		{F1A3A9BB-AC7F-4680-AC45-8305CCBCC476}.Debug|Any CPU.ActiveCfg = Debug|Any CPU
		{F1A3A9BB-AC7F-4680-AC45-8305CCBCC476}.Debug|Any CPU.Build.0 = Debug|Any CPU
		{F1A3A9BB-AC7F-4680-AC45-8305CCBCC476}.Debug|x64.ActiveCfg = Debug|Any CPU
		{F1A3A9BB-AC7F-4680-AC45-8305CCBCC476}.Debug|x64.Build.0 = Debug|Any CPU
		{F1A3A9BB-AC7F-4680-AC45-8305CCBCC476}.Debug|x86.ActiveCfg = Debug|Any CPU
		{F1A3A9BB-AC7F-4680-AC45-8305CCBCC476}.Debug|x86.Build.0 = Debug|Any CPU
		{F1A3A9BB-AC7F-4680-AC45-8305CCBCC476}.Release|Any CPU.ActiveCfg = Release|Any CPU
		{F1A3A9BB-AC7F-4680-AC45-8305CCBCC476}.Release|Any CPU.Build.0 = Release|Any CPU
		{F1A3A9BB-AC7F-4680-AC45-8305CCBCC476}.Release|x64.ActiveCfg = Release|Any CPU
		{F1A3A9BB-AC7F-4680-AC45-8305CCBCC476}.Release|x64.Build.0 = Release|Any CPU
		{F1A3A9BB-AC7F-4680-AC45-8305CCBCC476}.Release|x86.ActiveCfg = Release|Any CPU
		{F1A3A9BB-AC7F-4680-AC45-8305CCBCC476}.Release|x86.Build.0 = Release|Any CPU
		{7F4D06A5-16E3-4B09-8C6A-4F44F90C665A}.Debug|Any CPU.ActiveCfg = Debug|Any CPU
		{7F4D06A5-16E3-4B09-8C6A-4F44F90C665A}.Debug|Any CPU.Build.0 = Debug|Any CPU
		{7F4D06A5-16E3-4B09-8C6A-4F44F90C665A}.Debug|x64.ActiveCfg = Debug|Any CPU
		{7F4D06A5-16E3-4B09-8C6A-4F44F90C665A}.Debug|x64.Build.0 = Debug|Any CPU
		{7F4D06A5-16E3-4B09-8C6A-4F44F90C665A}.Debug|x86.ActiveCfg = Debug|Any CPU
		{7F4D06A5-16E3-4B09-8C6A-4F44F90C665A}.Debug|x86.Build.0 = Debug|Any CPU
		{7F4D06A5-16E3-4B09-8C6A-4F44F90C665A}.Release|Any CPU.ActiveCfg = Release|Any CPU
		{7F4D06A5-16E3-4B09-8C6A-4F44F90C665A}.Release|Any CPU.Build.0 = Release|Any CPU
		{7F4D06A5-16E3-4B09-8C6A-4F44F90C665A}.Release|x64.ActiveCfg = Release|Any CPU
		{7F4D06A5-16E3-4B09-8C6A-4F44F90C665A}.Release|x64.Build.0 = Release|Any CPU
		{7F4D06A5-16E3-4B09-8C6A-4F44F90C665A}.Release|x86.ActiveCfg = Release|Any CPU
		{7F4D06A5-16E3-4B09-8C6A-4F44F90C665A}.Release|x86.Build.0 = Release|Any CPU
		{9336DC03-521F-4FCD-9FCA-27572FBB0CF9}.Debug|Any CPU.ActiveCfg = Debug|Any CPU
		{9336DC03-521F-4FCD-9FCA-27572FBB0CF9}.Debug|Any CPU.Build.0 = Debug|Any CPU
		{9336DC03-521F-4FCD-9FCA-27572FBB0CF9}.Debug|x64.ActiveCfg = Debug|Any CPU
		{9336DC03-521F-4FCD-9FCA-27572FBB0CF9}.Debug|x64.Build.0 = Debug|Any CPU
		{9336DC03-521F-4FCD-9FCA-27572FBB0CF9}.Debug|x86.ActiveCfg = Debug|Any CPU
		{9336DC03-521F-4FCD-9FCA-27572FBB0CF9}.Debug|x86.Build.0 = Debug|Any CPU
		{9336DC03-521F-4FCD-9FCA-27572FBB0CF9}.Release|Any CPU.ActiveCfg = Release|Any CPU
		{9336DC03-521F-4FCD-9FCA-27572FBB0CF9}.Release|Any CPU.Build.0 = Release|Any CPU
		{9336DC03-521F-4FCD-9FCA-27572FBB0CF9}.Release|x64.ActiveCfg = Release|Any CPU
		{9336DC03-521F-4FCD-9FCA-27572FBB0CF9}.Release|x64.Build.0 = Release|Any CPU
		{9336DC03-521F-4FCD-9FCA-27572FBB0CF9}.Release|x86.ActiveCfg = Release|Any CPU
		{9336DC03-521F-4FCD-9FCA-27572FBB0CF9}.Release|x86.Build.0 = Release|Any CPU
	EndGlobalSection
EndGlobal
